
Microsoft Visual Studio Solution File, Format Version 12.00
# Visual Studio 15
VisualStudioVersion = 15.0.28307.168
MinimumVisualStudioVersion = 10.0.40219.1
Project("{FAE04EC0-301F-11D3-BF4B-00C04F79EFBC}") = "sample", "sample\sample.csproj", "{BA314E25-90D3-415F-B75D-5B7808CD8F57}"
EndProject
Global
	GlobalSection(SolutionConfigurationPlatforms) = preSolution
		Debug|Any CPU = Debug|Any CPU
		Release|Any CPU = Release|Any CPU
	EndGlobalSection
	GlobalSection(ProjectConfigurationPlatforms) = postSolution
		{BA314E25-90D3-415F-B75D-5B7808CD8F57}.Debug|Any CPU.ActiveCfg = Debug|Any CPU
		{BA314E25-90D3-415F-B75D-5B7808CD8F57}.Debug|Any CPU.Build.0 = Debug|Any CPU
		{BA314E25-90D3-415F-B75D-5B7808CD8F57}.Release|Any CPU.ActiveCfg = Release|Any CPU
		{BA314E25-90D3-415F-B75D-5B7808CD8F57}.Release|Any CPU.Build.0 = Release|Any CPU
	EndGlobalSection
	GlobalSection(SolutionProperties) = preSolution
		HideSolutionNode = FALSE
	EndGlobalSection
	GlobalSection(ExtensibilityGlobals) = postSolution
		SolutionGuid = {4499A6CF-FB11-4FD7-930C-6FDE9F702D98}
	EndGlobalSection
EndGlobal
