
Microsoft Visual Studio Solution File, Format Version 12.00
# Visual Studio 15
VisualStudioVersion = 15.0.28307.168
MinimumVisualStudioVersion = 10.0.40219.1
Project("{FAE04EC0-301F-11D3-BF4B-00C04F79EFBC}") = "SampleBot", "SampleBot\SampleBot.csproj", "{C1670EA7-164E-495C-A60B-C0DE7DAB9491}"
EndProject
Global
	GlobalSection(SolutionConfigurationPlatforms) = preSolution
		Debug|Any CPU = Debug|Any CPU
		Release|Any CPU = Release|Any CPU
	EndGlobalSection
	GlobalSection(ProjectConfigurationPlatforms) = postSolution
		{C1670EA7-164E-495C-A60B-C0DE7DAB9491}.Debug|Any CPU.ActiveCfg = Debug|Any CPU
		{C1670EA7-164E-495C-A60B-C0DE7DAB9491}.Debug|Any CPU.Build.0 = Debug|Any CPU
		{C1670EA7-164E-495C-A60B-C0DE7DAB9491}.Release|Any CPU.ActiveCfg = Release|Any CPU
		{C1670EA7-164E-495C-A60B-C0DE7DAB9491}.Release|Any CPU.Build.0 = Release|Any CPU
	EndGlobalSection
	GlobalSection(SolutionProperties) = preSolution
		HideSolutionNode = FALSE
	EndGlobalSection
	GlobalSection(ExtensibilityGlobals) = postSolution
		SolutionGuid = {F6B788E5-E0B8-4A7A-AF24-8F08F9CA17DA}
	EndGlobalSection
EndGlobal
